
Microsoft Visual Studio Solution File, Format Version 12.00
# Visual Studio Version 16
VisualStudioVersion = 16.0.30330.147
MinimumVisualStudioVersion = 10.0.40219.1
Project("{FAE04EC0-301F-11D3-BF4B-00C04F79EFBC}") = "Part 2 Reading and Writing to console", "Part 2 Reading and Writing to console\Part 2 Reading and Writing to console.csproj", "{09026994-D2C1-43ED-B931-836D0D543677}"
EndProject
Global
	GlobalSection(SolutionConfigurationPlatforms) = preSolution
		Debug|Any CPU = Debug|Any CPU
		Release|Any CPU = Release|Any CPU
	EndGlobalSection
	GlobalSection(ProjectConfigurationPlatforms) = postSolution
		{09026994-D2C1-43ED-B931-836D0D543677}.Debug|Any CPU.ActiveCfg = Debug|Any CPU
		{09026994-D2C1-43ED-B931-836D0D543677}.Debug|Any CPU.Build.0 = Debug|Any CPU
		{09026994-D2C1-43ED-B931-836D0D543677}.Release|Any CPU.ActiveCfg = Release|Any CPU
		{09026994-D2C1-43ED-B931-836D0D543677}.Release|Any CPU.Build.0 = Release|Any CPU
	EndGlobalSection
	GlobalSection(SolutionProperties) = preSolution
		HideSolutionNode = FALSE
	EndGlobalSection
	GlobalSection(ExtensibilityGlobals) = postSolution
		SolutionGuid = {083A7855-9AEE-4368-A542-30787CE65C56}
	EndGlobalSection
EndGlobal
